<Solution>
  <Folder Name="/src/">
    <Project Path="src/Kuestenlogik.Surgewave.Connector.Akka/Kuestenlogik.Surgewave.Connector.Akka.csproj" />
    <Project Path="src/Kuestenlogik.Surgewave.Connector.Alexa/Kuestenlogik.Surgewave.Connector.Alexa.csproj" />
    <Project Path="src/Kuestenlogik.Surgewave.Connector.Amqp/Kuestenlogik.Surgewave.Connector.Amqp.csproj" />
    <Project Path="src/Kuestenlogik.Surgewave.Connector.Anthropic/Kuestenlogik.Surgewave.Connector.Anthropic.csproj" />
    <Project Path="src/Kuestenlogik.Surgewave.Connector.Aws.Bedrock/Kuestenlogik.Surgewave.Connector.Aws.Bedrock.csproj" />
    <Project Path="src/Kuestenlogik.Surgewave.Connector.Aws.Comprehend/Kuestenlogik.Surgewave.Connector.Aws.Comprehend.csproj" />
    <Project Path="src/Kuestenlogik.Surgewave.Connector.Aws.DynamoDB/Kuestenlogik.Surgewave.Connector.Aws.DynamoDB.csproj" />
    <Project Path="src/Kuestenlogik.Surgewave.Connector.Aws.Efs/Kuestenlogik.Surgewave.Connector.Aws.Efs.csproj" />
    <Project Path="src/Kuestenlogik.Surgewave.Connector.Aws.Kinesis/Kuestenlogik.Surgewave.Connector.Aws.Kinesis.csproj" />
    <Project Path="src/Kuestenlogik.Surgewave.Connector.Aws.Neptune/Kuestenlogik.Surgewave.Connector.Aws.Neptune.csproj" />
    <Project Path="src/Kuestenlogik.Surgewave.Connector.Aws.Sns/Kuestenlogik.Surgewave.Connector.Aws.Sns.csproj" />
    <Project Path="src/Kuestenlogik.Surgewave.Connector.Aws.Sqs/Kuestenlogik.Surgewave.Connector.Aws.Sqs.csproj" />
    <Project Path="src/Kuestenlogik.Surgewave.Connector.Azure.Blob/Kuestenlogik.Surgewave.Connector.Azure.Blob.csproj" />
    <Project Path="src/Kuestenlogik.Surgewave.Connector.Azure.CosmosDb/Kuestenlogik.Surgewave.Connector.Azure.CosmosDb.csproj" />
    <Project Path="src/Kuestenlogik.Surgewave.Connector.Azure.OpenAI/Kuestenlogik.Surgewave.Connector.Azure.OpenAI.csproj" />
    <Project Path="src/Kuestenlogik.Surgewave.Connector.Azure.Queue/Kuestenlogik.Surgewave.Connector.Azure.Queue.csproj" />
    <Project Path="src/Kuestenlogik.Surgewave.Connector.Azure.ServiceBus/Kuestenlogik.Surgewave.Connector.Azure.ServiceBus.csproj" />
    <Project Path="src/Kuestenlogik.Surgewave.Connector.Azure.Table/Kuestenlogik.Surgewave.Connector.Azure.Table.csproj" />
    <Project Path="src/Kuestenlogik.Surgewave.Connector.Azure.TextAnalytics/Kuestenlogik.Surgewave.Connector.Azure.TextAnalytics.csproj" />
    <Project Path="src/Kuestenlogik.Surgewave.Connector.Batching/Kuestenlogik.Surgewave.Connector.Batching.csproj" />
    <Project Path="src/Kuestenlogik.Surgewave.Connector.Beanstalkd/Kuestenlogik.Surgewave.Connector.Beanstalkd.csproj" />
    <Project Path="src/Kuestenlogik.Surgewave.Connector.Cassandra/Kuestenlogik.Surgewave.Connector.Cassandra.csproj" />
    <Project Path="src/Kuestenlogik.Surgewave.Connector.Csv/Kuestenlogik.Surgewave.Connector.Csv.csproj" />
    <Project Path="src/Kuestenlogik.Surgewave.Connector.Database/Kuestenlogik.Surgewave.Connector.Database.csproj" />
    <Project Path="src/Kuestenlogik.Surgewave.Connector.DeepL/Kuestenlogik.Surgewave.Connector.DeepL.csproj" />
    <Project Path="src/Kuestenlogik.Surgewave.Connector.Discord/Kuestenlogik.Surgewave.Connector.Discord.csproj" />
    <Project Path="src/Kuestenlogik.Surgewave.Connector.Elasticsearch/Kuestenlogik.Surgewave.Connector.Elasticsearch.csproj" />
    <Project Path="src/Kuestenlogik.Surgewave.Connector.Excel/Kuestenlogik.Surgewave.Connector.Excel.csproj" />
    <Project Path="src/Kuestenlogik.Surgewave.Connector.Facebook/Kuestenlogik.Surgewave.Connector.Facebook.csproj" />
    <Project Path="src/Kuestenlogik.Surgewave.Connector.FacebookMessenger/Kuestenlogik.Surgewave.Connector.FacebookMessenger.csproj" />
    <Project Path="src/Kuestenlogik.Surgewave.Connector.FileStream/Kuestenlogik.Surgewave.Connector.FileStream.csproj" />
    <Project Path="src/Kuestenlogik.Surgewave.Connector.Flink/Kuestenlogik.Surgewave.Connector.Flink.csproj" />
    <Project Path="src/Kuestenlogik.Surgewave.Connector.Generator/Kuestenlogik.Surgewave.Connector.Generator.csproj" />
    <Project Path="src/Kuestenlogik.Surgewave.Connector.Gcp.BigQuery/Kuestenlogik.Surgewave.Connector.Gcp.BigQuery.csproj" />
    <Project Path="src/Kuestenlogik.Surgewave.Connector.Gcp.Bigtable/Kuestenlogik.Surgewave.Connector.Gcp.Bigtable.csproj" />
    <Project Path="src/Kuestenlogik.Surgewave.Connector.Gcp.Firestore/Kuestenlogik.Surgewave.Connector.Gcp.Firestore.csproj" />
    <Project Path="src/Kuestenlogik.Surgewave.Connector.Gcp.Language/Kuestenlogik.Surgewave.Connector.Gcp.Language.csproj" />
    <Project Path="src/Kuestenlogik.Surgewave.Connector.Gcp.PubSub/Kuestenlogik.Surgewave.Connector.Gcp.PubSub.csproj" />
    <Project Path="src/Kuestenlogik.Surgewave.Connector.Gcp.Spanner/Kuestenlogik.Surgewave.Connector.Gcp.Spanner.csproj" />
    <Project Path="src/Kuestenlogik.Surgewave.Connector.Gcp.Storage/Kuestenlogik.Surgewave.Connector.Gcp.Storage.csproj" />
    <Project Path="src/Kuestenlogik.Surgewave.Connector.Gcp.VertexAI/Kuestenlogik.Surgewave.Connector.Gcp.VertexAI.csproj" />
    <Project Path="src/Kuestenlogik.Surgewave.Connector.Git/Kuestenlogik.Surgewave.Connector.Git.csproj" />
    <Project Path="src/Kuestenlogik.Surgewave.Connector.Google.Drive/Kuestenlogik.Surgewave.Connector.Google.Drive.csproj" />
    <Project Path="src/Kuestenlogik.Surgewave.Connector.Google.Home/Kuestenlogik.Surgewave.Connector.Google.Home.csproj" />
    <Project Path="src/Kuestenlogik.Surgewave.Connector.Google.Photos/Kuestenlogik.Surgewave.Connector.Google.Photos.csproj" />
    <Project Path="src/Kuestenlogik.Surgewave.Connector.GraphQL/Kuestenlogik.Surgewave.Connector.GraphQL.csproj" />
    <Project Path="src/Kuestenlogik.Surgewave.Connector.Grok/Kuestenlogik.Surgewave.Connector.Grok.csproj" />
    <Project Path="src/Kuestenlogik.Surgewave.Connector.Http/Kuestenlogik.Surgewave.Connector.Http.csproj" />
    <Project Path="src/Kuestenlogik.Surgewave.Connector.HttpServer/Kuestenlogik.Surgewave.Connector.HttpServer.csproj" />
    <Project Path="src/Kuestenlogik.Surgewave.Connector.Hue/Kuestenlogik.Surgewave.Connector.Hue.csproj" />
    <Project Path="src/Kuestenlogik.Surgewave.Connector.HuggingFace/Kuestenlogik.Surgewave.Connector.HuggingFace.csproj" />
    <Project Path="src/Kuestenlogik.Surgewave.Connector.ICal/Kuestenlogik.Surgewave.Connector.ICal.csproj" />
    <Project Path="src/Kuestenlogik.Surgewave.Connector.Imap/Kuestenlogik.Surgewave.Connector.Imap.csproj" />
    <Project Path="src/Kuestenlogik.Surgewave.Connector.InfluxDB/Kuestenlogik.Surgewave.Connector.InfluxDB.csproj" />
    <Project Path="src/Kuestenlogik.Surgewave.Connector.InProc/Kuestenlogik.Surgewave.Connector.InProc.csproj" />
    <Project Path="src/Kuestenlogik.Surgewave.Connector.Instagram/Kuestenlogik.Surgewave.Connector.Instagram.csproj" />
    <Project Path="src/Kuestenlogik.Surgewave.Connector.Kafka.Bridge/Kuestenlogik.Surgewave.Connector.Kafka.Bridge.csproj" />
    <Project Path="src/Kuestenlogik.Surgewave.Connector.LinkedIn/Kuestenlogik.Surgewave.Connector.LinkedIn.csproj" />
    <Project Path="src/Kuestenlogik.Surgewave.Connector.Logic/Kuestenlogik.Surgewave.Connector.Logic.csproj" />
    <Project Path="src/Kuestenlogik.Surgewave.Connector.Matter/Kuestenlogik.Surgewave.Connector.Matter.csproj" />
    <Project Path="src/Kuestenlogik.Surgewave.Connector.Mattermost/Kuestenlogik.Surgewave.Connector.Mattermost.csproj" />
    <Project Path="src/Kuestenlogik.Surgewave.Connector.Mirror/Kuestenlogik.Surgewave.Connector.Mirror.csproj" />
    <Project Path="src/Kuestenlogik.Surgewave.Connector.MongoDB/Kuestenlogik.Surgewave.Connector.MongoDB.csproj" />
    <Project Path="src/Kuestenlogik.Surgewave.Connector.Mqtt/Kuestenlogik.Surgewave.Connector.Mqtt.csproj" />
    <Project Path="src/Kuestenlogik.Surgewave.Connector.MySql/Kuestenlogik.Surgewave.Connector.MySql.csproj" />
    <Project Path="src/Kuestenlogik.Surgewave.Connector.Nanomsg/Kuestenlogik.Surgewave.Connector.Nanomsg.csproj" />
    <Project Path="src/Kuestenlogik.Surgewave.Connector.Nats/Kuestenlogik.Surgewave.Connector.Nats.csproj" />
    <Project Path="src/Kuestenlogik.Surgewave.Connector.Nats.Kv/Kuestenlogik.Surgewave.Connector.Nats.Kv.csproj" />
    <Project Path="src/Kuestenlogik.Surgewave.Connector.Nats.ObjectStore/Kuestenlogik.Surgewave.Connector.Nats.ObjectStore.csproj" />
    <Project Path="src/Kuestenlogik.Surgewave.Connector.Neo4j/Kuestenlogik.Surgewave.Connector.Neo4j.csproj" />
    <Project Path="src/Kuestenlogik.Surgewave.Connector.Nsq/Kuestenlogik.Surgewave.Connector.Nsq.csproj" />
    <Project Path="src/Kuestenlogik.Surgewave.Connector.Ollama/Kuestenlogik.Surgewave.Connector.Ollama.csproj" />
    <Project Path="src/Kuestenlogik.Surgewave.Connector.OneDrive/Kuestenlogik.Surgewave.Connector.OneDrive.csproj" />
    <Project Path="src/Kuestenlogik.Surgewave.Connector.OpenAI/Kuestenlogik.Surgewave.Connector.OpenAI.csproj" />
    <Project Path="src/Kuestenlogik.Surgewave.Connector.Orleans/Kuestenlogik.Surgewave.Connector.Orleans.csproj" />
    <Project Path="src/Kuestenlogik.Surgewave.Connector.Oracle/Kuestenlogik.Surgewave.Connector.Oracle.csproj" />
    <Project Path="src/Kuestenlogik.Surgewave.Connector.Parquet/Kuestenlogik.Surgewave.Connector.Parquet.csproj" />
    <Project Path="src/Kuestenlogik.Surgewave.Connector.PostgreSql/Kuestenlogik.Surgewave.Connector.PostgreSql.csproj" />
    <Project Path="src/Kuestenlogik.Surgewave.Connector.Pulsar/Kuestenlogik.Surgewave.Connector.Pulsar.csproj" />
    <Project Path="src/Kuestenlogik.Surgewave.Connector.Qdrant/Kuestenlogik.Surgewave.Connector.Qdrant.csproj" />
    <Project Path="src/Kuestenlogik.Surgewave.Connector.RabbitMQ/Kuestenlogik.Surgewave.Connector.RabbitMQ.csproj" />
    <Project Path="src/Kuestenlogik.Surgewave.Connector.Reddit/Kuestenlogik.Surgewave.Connector.Reddit.csproj" />
    <Project Path="src/Kuestenlogik.Surgewave.Connector.Redis/Kuestenlogik.Surgewave.Connector.Redis.csproj" />
    <Project Path="src/Kuestenlogik.Surgewave.Connector.Redis.List/Kuestenlogik.Surgewave.Connector.Redis.List.csproj" />
    <Project Path="src/Kuestenlogik.Surgewave.Connector.Redis.Scan/Kuestenlogik.Surgewave.Connector.Redis.Scan.csproj" />
    <Project Path="src/Kuestenlogik.Surgewave.Connector.RocketChat/Kuestenlogik.Surgewave.Connector.RocketChat.csproj" />
    <Project Path="src/Kuestenlogik.Surgewave.Connector.S3/Kuestenlogik.Surgewave.Connector.S3.csproj" />
    <Project Path="src/Kuestenlogik.Surgewave.Connector.Sap.EventMesh/Kuestenlogik.Surgewave.Connector.Sap.EventMesh.csproj" />
    <Project Path="src/Kuestenlogik.Surgewave.Connector.Sap.Hana/Kuestenlogik.Surgewave.Connector.Sap.Hana.csproj" />
    <Project Path="src/Kuestenlogik.Surgewave.Connector.Sap.OData/Kuestenlogik.Surgewave.Connector.Sap.OData.csproj" />
    <Project Path="src/Kuestenlogik.Surgewave.Connector.Script/Kuestenlogik.Surgewave.Connector.Script.csproj" />
    <Project Path="src/Kuestenlogik.Surgewave.Connector.Sequence/Kuestenlogik.Surgewave.Connector.Sequence.csproj" />
    <Project Path="src/Kuestenlogik.Surgewave.Connector.Sftp/Kuestenlogik.Surgewave.Connector.Sftp.csproj" />
    <Project Path="src/Kuestenlogik.Surgewave.Connector.SignalR/Kuestenlogik.Surgewave.Connector.SignalR.csproj" />
    <Project Path="src/Kuestenlogik.Surgewave.Connector.Slack/Kuestenlogik.Surgewave.Connector.Slack.csproj" />
    <Project Path="src/Kuestenlogik.Surgewave.Connector.Smtp/Kuestenlogik.Surgewave.Connector.Smtp.csproj" />
    <Project Path="src/Kuestenlogik.Surgewave.Connector.Snowflake/Kuestenlogik.Surgewave.Connector.Snowflake.csproj" />
    <Project Path="src/Kuestenlogik.Surgewave.Connector.SocketServer/Kuestenlogik.Surgewave.Connector.SocketServer.csproj" />
    <Project Path="src/Kuestenlogik.Surgewave.Connector.SocketStream/Kuestenlogik.Surgewave.Connector.SocketStream.csproj" />
    <Project Path="src/Kuestenlogik.Surgewave.Connector.SpaCy/Kuestenlogik.Surgewave.Connector.SpaCy.csproj" />
    <Project Path="src/Kuestenlogik.Surgewave.Connector.Spark/Kuestenlogik.Surgewave.Connector.Spark.csproj" />
    <Project Path="src/Kuestenlogik.Surgewave.Connector.SqlServer/Kuestenlogik.Surgewave.Connector.SqlServer.csproj" />
    <Project Path="src/Kuestenlogik.Surgewave.Connector.Stdio/Kuestenlogik.Surgewave.Connector.Stdio.csproj" />
    <Project Path="src/Kuestenlogik.Surgewave.Connector.Surgewave.Bridge/Kuestenlogik.Surgewave.Connector.Surgewave.Bridge.csproj" />
    <Project Path="src/Kuestenlogik.Surgewave.Connector.Tcp/Kuestenlogik.Surgewave.Connector.Tcp.csproj" />
    <Project Path="src/Kuestenlogik.Surgewave.Connector.Teams/Kuestenlogik.Surgewave.Connector.Teams.csproj" />
    <Project Path="src/Kuestenlogik.Surgewave.Connector.Telegram/Kuestenlogik.Surgewave.Connector.Telegram.csproj" />
    <Project Path="src/Kuestenlogik.Surgewave.Connector.TextChunking/Kuestenlogik.Surgewave.Connector.TextChunking.csproj" />
    <Project Path="src/Kuestenlogik.Surgewave.Connector.TigerBeetle/Kuestenlogik.Surgewave.Connector.TigerBeetle.csproj" />
    <Project Path="src/Kuestenlogik.Surgewave.Connector.TimescaleDB/Kuestenlogik.Surgewave.Connector.TimescaleDB.csproj" />
    <Project Path="src/Kuestenlogik.Surgewave.Connector.Twitter/Kuestenlogik.Surgewave.Connector.Twitter.csproj" />
    <Project Path="src/Kuestenlogik.Surgewave.Connector.Udp/Kuestenlogik.Surgewave.Connector.Udp.csproj" />
    <Project Path="src/Kuestenlogik.Surgewave.Connector.Weather/Kuestenlogik.Surgewave.Connector.Weather.csproj" />
    <Project Path="src/Kuestenlogik.Surgewave.Connector.WhatsApp/Kuestenlogik.Surgewave.Connector.WhatsApp.csproj" />
    <Project Path="src/Kuestenlogik.Surgewave.Connector.Wikipedia/Kuestenlogik.Surgewave.Connector.Wikipedia.csproj" />
    <Project Path="src/Kuestenlogik.Surgewave.Connector.VectorStore/Kuestenlogik.Surgewave.Connector.VectorStore.csproj" />
    <Project Path="src/Kuestenlogik.Surgewave.Connector.Xmpp/Kuestenlogik.Surgewave.Connector.Xmpp.csproj" />
    <Project Path="src/Kuestenlogik.Surgewave.Connector.ZeroMQ/Kuestenlogik.Surgewave.Connector.ZeroMQ.csproj" />
  </Folder>
  <Folder Name="/tests/">
    <Project Path="tests/Kuestenlogik.Surgewave.Connector.Akka.Tests/Kuestenlogik.Surgewave.Connector.Akka.Tests.csproj" />
    <Project Path="tests/Kuestenlogik.Surgewave.Connector.Anthropic.Tests/Kuestenlogik.Surgewave.Connector.Anthropic.Tests.csproj" />
    <Project Path="tests/Kuestenlogik.Surgewave.Connector.Aws.Bedrock.Tests/Kuestenlogik.Surgewave.Connector.Aws.Bedrock.Tests.csproj" />
    <Project Path="tests/Kuestenlogik.Surgewave.Connector.Aws.Comprehend.Tests/Kuestenlogik.Surgewave.Connector.Aws.Comprehend.Tests.csproj" />
    <Project Path="tests/Kuestenlogik.Surgewave.Connector.Aws.DynamoDB.Tests/Kuestenlogik.Surgewave.Connector.Aws.DynamoDB.Tests.csproj" />
    <Project Path="tests/Kuestenlogik.Surgewave.Connector.Aws.Kinesis.Tests/Kuestenlogik.Surgewave.Connector.Aws.Kinesis.Tests.csproj" />
    <Project Path="tests/Kuestenlogik.Surgewave.Connector.Aws.Sns.Tests/Kuestenlogik.Surgewave.Connector.Aws.Sns.Tests.csproj" />
    <Project Path="tests/Kuestenlogik.Surgewave.Connector.Aws.Sqs.Tests/Kuestenlogik.Surgewave.Connector.Aws.Sqs.Tests.csproj" />
    <Project Path="tests/Kuestenlogik.Surgewave.Connector.Azure.Blob.Tests/Kuestenlogik.Surgewave.Connector.Azure.Blob.Tests.csproj" />
    <Project Path="tests/Kuestenlogik.Surgewave.Connector.Azure.CosmosDb.Tests/Kuestenlogik.Surgewave.Connector.Azure.CosmosDb.Tests.csproj" />
    <Project Path="tests/Kuestenlogik.Surgewave.Connector.Azure.OpenAI.Tests/Kuestenlogik.Surgewave.Connector.Azure.OpenAI.Tests.csproj" />
    <Project Path="tests/Kuestenlogik.Surgewave.Connector.Azure.Queue.Tests/Kuestenlogik.Surgewave.Connector.Azure.Queue.Tests.csproj" />
    <Project Path="tests/Kuestenlogik.Surgewave.Connector.Azure.ServiceBus.Tests/Kuestenlogik.Surgewave.Connector.Azure.ServiceBus.Tests.csproj" />
    <Project Path="tests/Kuestenlogik.Surgewave.Connector.Azure.Table.Tests/Kuestenlogik.Surgewave.Connector.Azure.Table.Tests.csproj" />
    <Project Path="tests/Kuestenlogik.Surgewave.Connector.Azure.TextAnalytics.Tests/Kuestenlogik.Surgewave.Connector.Azure.TextAnalytics.Tests.csproj" />
    <Project Path="tests/Kuestenlogik.Surgewave.Connector.Batching.Tests/Kuestenlogik.Surgewave.Connector.Batching.Tests.csproj" />
    <Project Path="tests/Kuestenlogik.Surgewave.Connector.Cassandra.Tests/Kuestenlogik.Surgewave.Connector.Cassandra.Tests.csproj" />
    <Project Path="tests/Kuestenlogik.Surgewave.Connector.Csv.Tests/Kuestenlogik.Surgewave.Connector.Csv.Tests.csproj" />
    <Project Path="tests/Kuestenlogik.Surgewave.Connector.Database.Tests/Kuestenlogik.Surgewave.Connector.Database.Tests.csproj" />
    <Project Path="tests/Kuestenlogik.Surgewave.Connector.DeepL.Tests/Kuestenlogik.Surgewave.Connector.DeepL.Tests.csproj" />
    <Project Path="tests/Kuestenlogik.Surgewave.Connector.Elasticsearch.Tests/Kuestenlogik.Surgewave.Connector.Elasticsearch.Tests.csproj" />
    <Project Path="tests/Kuestenlogik.Surgewave.Connector.Excel.Tests/Kuestenlogik.Surgewave.Connector.Excel.Tests.csproj" />
    <Project Path="tests/Kuestenlogik.Surgewave.Connector.Gcp.BigQuery.Tests/Kuestenlogik.Surgewave.Connector.Gcp.BigQuery.Tests.csproj" />
    <Project Path="tests/Kuestenlogik.Surgewave.Connector.Gcp.Firestore.Tests/Kuestenlogik.Surgewave.Connector.Gcp.Firestore.Tests.csproj" />
    <Project Path="tests/Kuestenlogik.Surgewave.Connector.Gcp.Language.Tests/Kuestenlogik.Surgewave.Connector.Gcp.Language.Tests.csproj" />
    <Project Path="tests/Kuestenlogik.Surgewave.Connector.Gcp.PubSub.Tests/Kuestenlogik.Surgewave.Connector.Gcp.PubSub.Tests.csproj" />
    <Project Path="tests/Kuestenlogik.Surgewave.Connector.Gcp.Storage.Tests/Kuestenlogik.Surgewave.Connector.Gcp.Storage.Tests.csproj" />
    <Project Path="tests/Kuestenlogik.Surgewave.Connector.Gcp.VertexAI.Tests/Kuestenlogik.Surgewave.Connector.Gcp.VertexAI.Tests.csproj" />
    <Project Path="tests/Kuestenlogik.Surgewave.Connector.Generator.Tests/Kuestenlogik.Surgewave.Connector.Generator.Tests.csproj" />
    <Project Path="tests/Kuestenlogik.Surgewave.Connector.Git.Tests/Kuestenlogik.Surgewave.Connector.Git.Tests.csproj" />
    <Project Path="tests/Kuestenlogik.Surgewave.Connector.Google.Drive.Tests/Kuestenlogik.Surgewave.Connector.Google.Drive.Tests.csproj" />
    <Project Path="tests/Kuestenlogik.Surgewave.Connector.GraphQL.Tests/Kuestenlogik.Surgewave.Connector.GraphQL.Tests.csproj" />
    <Project Path="tests/Kuestenlogik.Surgewave.Connector.Grok.Tests/Kuestenlogik.Surgewave.Connector.Grok.Tests.csproj" />
    <Project Path="tests/Kuestenlogik.Surgewave.Connector.Http.Tests/Kuestenlogik.Surgewave.Connector.Http.Tests.csproj" />
    <Project Path="tests/Kuestenlogik.Surgewave.Connector.HttpServer.Tests/Kuestenlogik.Surgewave.Connector.HttpServer.Tests.csproj" />
    <Project Path="tests/Kuestenlogik.Surgewave.Connector.HuggingFace.Tests/Kuestenlogik.Surgewave.Connector.HuggingFace.Tests.csproj" />
    <Project Path="tests/Kuestenlogik.Surgewave.Connector.ICal.Tests/Kuestenlogik.Surgewave.Connector.ICal.Tests.csproj" />
    <Project Path="tests/Kuestenlogik.Surgewave.Connector.Imap.Tests/Kuestenlogik.Surgewave.Connector.Imap.Tests.csproj" />
    <Project Path="tests/Kuestenlogik.Surgewave.Connector.InfluxDB.Tests/Kuestenlogik.Surgewave.Connector.InfluxDB.Tests.csproj" />
    <Project Path="tests/Kuestenlogik.Surgewave.Connector.InProc.Tests/Kuestenlogik.Surgewave.Connector.InProc.Tests.csproj" />
    <Project Path="tests/Kuestenlogik.Surgewave.Connector.Mirror.Tests/Kuestenlogik.Surgewave.Connector.Mirror.Tests.csproj" />
    <Project Path="tests/Kuestenlogik.Surgewave.Connector.MongoDB.Tests/Kuestenlogik.Surgewave.Connector.MongoDB.Tests.csproj" />
    <Project Path="tests/Kuestenlogik.Surgewave.Connector.Mqtt.Tests/Kuestenlogik.Surgewave.Connector.Mqtt.Tests.csproj" />
    <Project Path="tests/Kuestenlogik.Surgewave.Connector.MySql.Tests/Kuestenlogik.Surgewave.Connector.MySql.Tests.csproj" />
    <Project Path="tests/Kuestenlogik.Surgewave.Connector.Nats.Kv.Tests/Kuestenlogik.Surgewave.Connector.Nats.Kv.Tests.csproj" />
    <Project Path="tests/Kuestenlogik.Surgewave.Connector.Nats.Tests/Kuestenlogik.Surgewave.Connector.Nats.Tests.csproj" />
    <Project Path="tests/Kuestenlogik.Surgewave.Connector.Neo4j.Tests/Kuestenlogik.Surgewave.Connector.Neo4j.Tests.csproj" />
    <Project Path="tests/Kuestenlogik.Surgewave.Connector.Ollama.Tests/Kuestenlogik.Surgewave.Connector.Ollama.Tests.csproj" />
    <Project Path="tests/Kuestenlogik.Surgewave.Connector.OneDrive.Tests/Kuestenlogik.Surgewave.Connector.OneDrive.Tests.csproj" />
    <Project Path="tests/Kuestenlogik.Surgewave.Connector.OpenAI.Tests/Kuestenlogik.Surgewave.Connector.OpenAI.Tests.csproj" />
    <Project Path="tests/Kuestenlogik.Surgewave.Connector.Orleans.Tests/Kuestenlogik.Surgewave.Connector.Orleans.Tests.csproj" />
    <Project Path="tests/Kuestenlogik.Surgewave.Connector.Oracle.Tests/Kuestenlogik.Surgewave.Connector.Oracle.Tests.csproj" />
    <Project Path="tests/Kuestenlogik.Surgewave.Connector.Parquet.Tests/Kuestenlogik.Surgewave.Connector.Parquet.Tests.csproj" />
    <Project Path="tests/Kuestenlogik.Surgewave.Connector.PostgreSql.Tests/Kuestenlogik.Surgewave.Connector.PostgreSql.Tests.csproj" />
    <Project Path="tests/Kuestenlogik.Surgewave.Connector.Qdrant.Tests/Kuestenlogik.Surgewave.Connector.Qdrant.Tests.csproj" />
    <Project Path="tests/Kuestenlogik.Surgewave.Connector.RabbitMQ.Tests/Kuestenlogik.Surgewave.Connector.RabbitMQ.Tests.csproj" />
    <Project Path="tests/Kuestenlogik.Surgewave.Connector.Redis.Tests/Kuestenlogik.Surgewave.Connector.Redis.Tests.csproj" />
    <Project Path="tests/Kuestenlogik.Surgewave.Connector.S3.Tests/Kuestenlogik.Surgewave.Connector.S3.Tests.csproj" />
    <Project Path="tests/Kuestenlogik.Surgewave.Connector.Script.Tests/Kuestenlogik.Surgewave.Connector.Script.Tests.csproj" />
    <Project Path="tests/Kuestenlogik.Surgewave.Connector.Sequence.Tests/Kuestenlogik.Surgewave.Connector.Sequence.Tests.csproj" />
    <Project Path="tests/Kuestenlogik.Surgewave.Connector.Sftp.Tests/Kuestenlogik.Surgewave.Connector.Sftp.Tests.csproj" />
    <Project Path="tests/Kuestenlogik.Surgewave.Connector.Slack.Tests/Kuestenlogik.Surgewave.Connector.Slack.Tests.csproj" />
    <Project Path="tests/Kuestenlogik.Surgewave.Connector.Smtp.Tests/Kuestenlogik.Surgewave.Connector.Smtp.Tests.csproj" />
    <Project Path="tests/Kuestenlogik.Surgewave.Connector.Snowflake.Tests/Kuestenlogik.Surgewave.Connector.Snowflake.Tests.csproj" />
    <Project Path="tests/Kuestenlogik.Surgewave.Connector.SocketServer.Tests/Kuestenlogik.Surgewave.Connector.SocketServer.Tests.csproj" />
    <Project Path="tests/Kuestenlogik.Surgewave.Connector.SocketStream.Tests/Kuestenlogik.Surgewave.Connector.SocketStream.Tests.csproj" />
    <Project Path="tests/Kuestenlogik.Surgewave.Connector.SqlServer.Tests/Kuestenlogik.Surgewave.Connector.SqlServer.Tests.csproj" />
    <Project Path="tests/Kuestenlogik.Surgewave.Connector.Stdio.Tests/Kuestenlogik.Surgewave.Connector.Stdio.Tests.csproj" />
    <Project Path="tests/Kuestenlogik.Surgewave.Connector.Tcp.Tests/Kuestenlogik.Surgewave.Connector.Tcp.Tests.csproj" />
    <Project Path="tests/Kuestenlogik.Surgewave.Connector.Teams.Tests/Kuestenlogik.Surgewave.Connector.Teams.Tests.csproj" />
    <Project Path="tests/Kuestenlogik.Surgewave.Connector.TextChunking.Tests/Kuestenlogik.Surgewave.Connector.TextChunking.Tests.csproj" />
    <Project Path="tests/Kuestenlogik.Surgewave.Connector.Udp.Tests/Kuestenlogik.Surgewave.Connector.Udp.Tests.csproj" />
  </Folder>
</Solution>
